
Microsoft Visual Studio Solution File, Format Version 12.00
# Visual Studio Version 16
VisualStudioVersion = 16.0.30114.105
MinimumVisualStudioVersion = 10.0.40219.1
Project("{FAE04EC0-301F-11D3-BF4B-00C04F79EFBC}") = "MicrosoftNetSdkWeb.Demo", "MicrosoftNetSdkWeb.Demo\MicrosoftNetSdkWeb.Demo.csproj", "{4590B386-0E4C-4D46-8371-2FE20D8C0053}"
EndProject
Project("{FAE04EC0-301F-11D3-BF4B-00C04F79EFBC}") = "MicrosoftNetSdkWeb.Demo.WorkingTest", "MicrosoftNetSdkWeb.Demo.WorkingTest\MicrosoftNetSdkWeb.Demo.WorkingTest.csproj", "{1368C3AA-E0F0-4C59-9450-FBA1282E122D}"
EndProject
Project("{FAE04EC0-301F-11D3-BF4B-00C04F79EFBC}") = "MicrosoftNetSdkWeb.Demo.BrokenTest", "MicrosoftNetSdkWeb.Demo.BrokenTest\MicrosoftNetSdkWeb.Demo.BrokenTest.csproj", "{CA500DDA-6CA7-492C-82A9-E4C329E3EA4D}"
EndProject
Global
	GlobalSection(SolutionConfigurationPlatforms) = preSolution
		Debug|Any CPU = Debug|Any CPU
		Release|Any CPU = Release|Any CPU
	EndGlobalSection
	GlobalSection(ProjectConfigurationPlatforms) = postSolution
		{4590B386-0E4C-4D46-8371-2FE20D8C0053}.Debug|Any CPU.ActiveCfg = Debug|Any CPU
		{4590B386-0E4C-4D46-8371-2FE20D8C0053}.Debug|Any CPU.Build.0 = Debug|Any CPU
		{4590B386-0E4C-4D46-8371-2FE20D8C0053}.Release|Any CPU.ActiveCfg = Release|Any CPU
		{4590B386-0E4C-4D46-8371-2FE20D8C0053}.Release|Any CPU.Build.0 = Release|Any CPU
		{1368C3AA-E0F0-4C59-9450-FBA1282E122D}.Debug|Any CPU.ActiveCfg = Debug|Any CPU
		{1368C3AA-E0F0-4C59-9450-FBA1282E122D}.Debug|Any CPU.Build.0 = Debug|Any CPU
		{1368C3AA-E0F0-4C59-9450-FBA1282E122D}.Release|Any CPU.ActiveCfg = Release|Any CPU
		{1368C3AA-E0F0-4C59-9450-FBA1282E122D}.Release|Any CPU.Build.0 = Release|Any CPU
		{CA500DDA-6CA7-492C-82A9-E4C329E3EA4D}.Debug|Any CPU.ActiveCfg = Debug|Any CPU
		{CA500DDA-6CA7-492C-82A9-E4C329E3EA4D}.Debug|Any CPU.Build.0 = Debug|Any CPU
		{CA500DDA-6CA7-492C-82A9-E4C329E3EA4D}.Release|Any CPU.ActiveCfg = Release|Any CPU
		{CA500DDA-6CA7-492C-82A9-E4C329E3EA4D}.Release|Any CPU.Build.0 = Release|Any CPU
	EndGlobalSection
	GlobalSection(SolutionProperties) = preSolution
		HideSolutionNode = FALSE
	EndGlobalSection
	GlobalSection(ExtensibilityGlobals) = postSolution
		SolutionGuid = {E8081E5A-3AAD-401B-A6F8-D8F5CC07BA73}
	EndGlobalSection
EndGlobal
